
Microsoft Visual Studio Solution File, Format Version 12.00
# Visual Studio Version 16
VisualStudioVersion = 16.0.29613.14
MinimumVisualStudioVersion = 10.0.40219.1
Project("{888888A0-9F3D-457C-B088-3A5042F75D52}") = "MartinFeller", "MartinFeller\MartinFeller.pyproj", "{7DF87E7E-86E0-43B1-80F4-2409F0D0C4BC}"
EndProject
Global
	GlobalSection(SolutionConfigurationPlatforms) = preSolution
		Debug|Any CPU = Debug|Any CPU
		Release|Any CPU = Release|Any CPU
	EndGlobalSection
	GlobalSection(ProjectConfigurationPlatforms) = postSolution
		{7DF87E7E-86E0-43B1-80F4-2409F0D0C4BC}.Debug|Any CPU.ActiveCfg = Debug|Any CPU
		{7DF87E7E-86E0-43B1-80F4-2409F0D0C4BC}.Debug|Any CPU.Build.0 = Debug|Any CPU
		{7DF87E7E-86E0-43B1-80F4-2409F0D0C4BC}.Release|Any CPU.ActiveCfg = Release|Any CPU
		{7DF87E7E-86E0-43B1-80F4-2409F0D0C4BC}.Release|Any CPU.Build.0 = Release|Any CPU
	EndGlobalSection
	GlobalSection(SolutionProperties) = preSolution
		HideSolutionNode = FALSE
	EndGlobalSection
	GlobalSection(ExtensibilityGlobals) = postSolution
		SolutionGuid = {66A18707-736F-4CD7-A49D-179F57988AA8}
	EndGlobalSection
EndGlobal
